
Microsoft Visual Studio Solution File, Format Version 12.00
# Visual Studio Version 17
VisualStudioVersion = 17.1.32210.238
MinimumVisualStudioVersion = 10.0.40219.1
Project("{9A19103F-16F7-4668-BE54-9A1E7A4F7556}") = "HockeyTeam", "HockeyTeam\HockeyTeam.csproj", "{CD20626B-AFFA-4F49-B4E6-E65E7C8969D6}"
EndProject
Global
	GlobalSection(SolutionConfigurationPlatforms) = preSolution
		Debug|Any CPU = Debug|Any CPU
		Release|Any CPU = Release|Any CPU
	EndGlobalSection
	GlobalSection(ProjectConfigurationPlatforms) = postSolution
		{CD20626B-AFFA-4F49-B4E6-E65E7C8969D6}.Debug|Any CPU.ActiveCfg = Debug|Any CPU
		{CD20626B-AFFA-4F49-B4E6-E65E7C8969D6}.Debug|Any CPU.Build.0 = Debug|Any CPU
		{CD20626B-AFFA-4F49-B4E6-E65E7C8969D6}.Release|Any CPU.ActiveCfg = Release|Any CPU
		{CD20626B-AFFA-4F49-B4E6-E65E7C8969D6}.Release|Any CPU.Build.0 = Release|Any CPU
	EndGlobalSection
	GlobalSection(SolutionProperties) = preSolution
		HideSolutionNode = FALSE
	EndGlobalSection
	GlobalSection(ExtensibilityGlobals) = postSolution
		SolutionGuid = {C479DBF5-AFF3-4910-92CF-4C3DDBF0F56F}
	EndGlobalSection
EndGlobal
